// !$*UTF8*$!
{
	archiveVersion = 1;
	classes = {
	};
	objectVersion = 46;
	objects = {

/* Begin PBXBuildFile section */
		012597CB205FCB2400CE8CCB /* demo.js in Resources */ = {isa = PBXBuildFile; fileRef = 012597CA205FCB2400CE8CCB /* demo.js */; };
		012597CE205FCB9800CE8CCB /* JavaScriptCore.framework in Frameworks */ = {isa = PBXBuildFile; fileRef = 012597CD205FCB9700CE8CCB /* JavaScriptCore.framework */; };
		012597D52062123A00CE8CCB /* HotFixManager.m in Sources */ = {isa = PBXBuildFile; fileRef = 012597D42062123A00CE8CCB /* HotFixManager.m */; };
		012597E82069057100CE8CCB /* HotFix.js in Resources */ = {isa = PBXBuildFile; fileRef = 012597E72069057000CE8CCB /* HotFix.js */; };
		01293732205BA5BA00480A0A /* main.m in Sources */ = {isa = PBXBuildFile; fileRef = 01293731205BA5BA00480A0A /* main.m */; };
		01293735205BA5BA00480A0A /* AppDelegate.m in Sources */ = {isa = PBXBuildFile; fileRef = 01293734205BA5BA00480A0A /* AppDelegate.m */; };
		01293738205BA5BA00480A0A /* ViewController.m in Sources */ = {isa = PBXBuildFile; fileRef = 01293737205BA5BA00480A0A /* ViewController.m */; };
		0129373D205BA5BA00480A0A /* Assets.xcassets in Resources */ = {isa = PBXBuildFile; fileRef = 0129373C205BA5BA00480A0A /* Assets.xcassets */; };
		01293740205BA5BA00480A0A /* LaunchScreen.storyboard in Resources */ = {isa = PBXBuildFile; fileRef = 0129373E205BA5BA00480A0A /* LaunchScreen.storyboard */; };
/* End PBXBuildFile section */

/* Begin PBXFileReference section */
		012597CA205FCB2400CE8CCB /* demo.js */ = {isa = PBXFileReference; fileEncoding = 4; lastKnownFileType = sourcecode.javascript; path = demo.js; sourceTree = "<group>"; };
		012597CD205FCB9700CE8CCB /* JavaScriptCore.framework */ = {isa = PBXFileReference; lastKnownFileType = wrapper.framework; name = JavaScriptCore.framework; path = System/Library/Frameworks/JavaScriptCore.framework; sourceTree = SDKROOT; };
		012597D32062123A00CE8CCB /* HotFixManager.h */ = {isa = PBXFileReference; fileEncoding = 4; lastKnownFileType = sourcecode.c.h; path = HotFixManager.h; sourceTree = "<group>"; };
		012597D42062123A00CE8CCB /* HotFixManager.m */ = {isa = PBXFileReference; fileEncoding = 4; lastKnownFileType = sourcecode.c.objc; path = HotFixManager.m; sourceTree = "<group>"; };
		012597E72069057000CE8CCB /* HotFix.js */ = {isa = PBXFileReference; fileEncoding = 4; lastKnownFileType = sourcecode.javascript; path = HotFix.js; sourceTree = "<group>"; };
		0129372D205BA5BA00480A0A /* HotFix.app */ = {isa = PBXFileReference; explicitFileType = wrapper.application; includeInIndex = 0; path = HotFix.app; sourceTree = BUILT_PRODUCTS_DIR; };
		01293731205BA5BA00480A0A /* main.m */ = {isa = PBXFileReference; lastKnownFileType = sourcecode.c.objc; path = main.m; sourceTree = "<group>"; };
		01293733205BA5BA00480A0A /* AppDelegate.h */ = {isa = PBXFileReference; lastKnownFileType = sourcecode.c.h; path = AppDelegate.h; sourceTree = "<group>"; };
		01293734205BA5BA00480A0A /* AppDelegate.m */ = {isa = PBXFileReference; lastKnownFileType = sourcecode.c.objc; path = AppDelegate.m; sourceTree = "<group>"; };
		01293736205BA5BA00480A0A /* ViewController.h */ = {isa = PBXFileReference; lastKnownFileType = sourcecode.c.h; path = ViewController.h; sourceTree = "<group>"; };
		01293737205BA5BA00480A0A /* ViewController.m */ = {isa = PBXFileReference; lastKnownFileType = sourcecode.c.objc; path = ViewController.m; sourceTree = "<group>"; };
		0129373C205BA5BA00480A0A /* Assets.xcassets */ = {isa = PBXFileReference; lastKnownFileType = folder.assetcatalog; path = Assets.xcassets; sourceTree = "<group>"; };
		0129373F205BA5BA00480A0A /* Base */ = {isa = PBXFileReference; lastKnownFileType = file.storyboard; name = Base; path = Base.lproj/LaunchScreen.storyboard; sourceTree = "<group>"; };
		01293741205BA5BA00480A0A /* Info.plist */ = {isa = PBXFileReference; lastKnownFileType = text.plist.xml; path = Info.plist; sourceTree = "<group>"; };
/* End PBXFileReference section */

/* Begin PBXFrameworksBuildPhase section */
		0129372A205BA5BA00480A0A /* Frameworks */ = {
			isa = PBXFrameworksBuildPhase;
			buildActionMask = 2147483647;
			files = (
				012597CE205FCB9800CE8CCB /* JavaScriptCore.framework in Frameworks */,
			);
			runOnlyForDeploymentPostprocessing = 0;
		};
/* End PBXFrameworksBuildPhase section */

/* Begin PBXGroup section */
		012597CC205FCB9700CE8CCB /* Frameworks */ = {
			isa = PBXGroup;
			children = (
				012597CD205FCB9700CE8CCB /* JavaScriptCore.framework */,
			);
			name = Frameworks;
			sourceTree = "<group>";
		};
		012597D22062122000CE8CCB /* HotFixCore */ = {
			isa = PBXGroup;
			children = (
				012597E72069057000CE8CCB /* HotFix.js */,
				012597D32062123A00CE8CCB /* HotFixManager.h */,
				012597D42062123A00CE8CCB /* HotFixManager.m */,
			);
			path = HotFixCore;
			sourceTree = "<group>";
		};
		01293724205BA5BA00480A0A = {
			isa = PBXGroup;
			children = (
				0129372F205BA5BA00480A0A /* HotFix */,
				0129372E205BA5BA00480A0A /* Products */,
				012597CC205FCB9700CE8CCB /* Frameworks */,
			);
			sourceTree = "<group>";
		};
		0129372E205BA5BA00480A0A /* Products */ = {
			isa = PBXGroup;
			children = (
				0129372D205BA5BA00480A0A /* HotFix.app */,
			);
			name = Products;
			sourceTree = "<group>";
		};
		0129372F205BA5BA00480A0A /* HotFix */ = {
			isa = PBXGroup;
			children = (
				012597D22062122000CE8CCB /* HotFixCore */,
				012597CA205FCB2400CE8CCB /* demo.js */,
				01293733205BA5BA00480A0A /* AppDelegate.h */,
				01293734205BA5BA00480A0A /* AppDelegate.m */,
				01293736205BA5BA00480A0A /* ViewController.h */,
				01293737205BA5BA00480A0A /* ViewController.m */,
				0129373C205BA5BA00480A0A /* Assets.xcassets */,
				0129373E205BA5BA00480A0A /* LaunchScreen.storyboard */,
				01293741205BA5BA00480A0A /* Info.plist */,
				01293730205BA5BA00480A0A /* Supporting Files */,
			);
			path = HotFix;
			sourceTree = "<group>";
		};
		01293730205BA5BA00480A0A /* Supporting Files */ = {
			isa = PBXGroup;
			children = (
				01293731205BA5BA00480A0A /* main.m */,
			);
			name = "Supporting Files";
			sourceTree = "<group>";
		};
/* End PBXGroup section */

/* Begin PBXNativeTarget section */
		0129372C205BA5BA00480A0A /* HotFix */ = {
			isa = PBXNativeTarget;
			buildConfigurationList = 01293744205BA5BA00480A0A /* Build configuration list for PBXNativeTarget "HotFix" */;
			buildPhases = (
				01293729205BA5BA00480A0A /* Sources */,
				0129372A205BA5BA00480A0A /* Frameworks */,
				0129372B205BA5BA00480A0A /* Resources */,
			);
			buildRules = (
			);
			dependencies = (
			);
			name = HotFix;
			productName = HotFix;
			productReference = 0129372D205BA5BA00480A0A /* HotFix.app */;
			productType = "com.apple.product-type.application";
		};
/* End PBXNativeTarget section */

/* Begin PBXProject section */
		01293725205BA5BA00480A0A /* Project object */ = {
			isa = PBXProject;
			attributes = {
				LastUpgradeCheck = 0830;
				ORGANIZATIONNAME = qiye;
				TargetAttributes = {
					0129372C205BA5BA00480A0A = {
						CreatedOnToolsVersion = 8.3.3;
						DevelopmentTeam = AU89V8BQBK;
						ProvisioningStyle = Manual;
					};
				};
			};
			buildConfigurationList = 01293728205BA5BA00480A0A /* Build configuration list for PBXProject "HotFix" */;
			compatibilityVersion = "Xcode 3.2";
			developmentRegion = English;
			hasScannedForEncodings = 0;
			knownRegions = (
				en,
				Base,
			);
			mainGroup = 01293724205BA5BA00480A0A;
			productRefGroup = 0129372E205BA5BA00480A0A /* Products */;
			projectDirPath = "";
			projectRoot = "";
			targets = (
				0129372C205BA5BA00480A0A /* HotFix */,
			);
		};
/* End PBXProject section */

/* Begin PBXResourcesBuildPhase section */
		0129372B205BA5BA00480A0A /* Resources */ = {
			isa = PBXResourcesBuildPhase;
			buildActionMask = 2147483647;
			files = (
				012597CB205FCB2400CE8CCB /* demo.js in Resources */,
				01293740205BA5BA00480A0A /* LaunchScreen.storyboard in Resources */,
				012597E82069057100CE8CCB /* HotFix.js in Resources */,
				0129373D205BA5BA00480A0A /* Assets.xcassets in Resources */,
			);
			runOnlyForDeploymentPostprocessing = 0;
		};
/* End PBXResourcesBuildPhase section */

/* Begin PBXSourcesBuildPhase section */
		01293729205BA5BA00480A0A /* Sources */ = {
			isa = PBXSourcesBuildPhase;
			buildActionMask = 2147483647;
			files = (
				01293738205BA5BA00480A0A /* ViewController.m in Sources */,
				01293735205BA5BA00480A0A /* AppDelegate.m in Sources */,
				01293732205BA5BA00480A0A /* main.m in Sources */,
				012597D52062123A00CE8CCB /* HotFixManager.m in Sources */,
			);
			runOnlyForDeploymentPostprocessing = 0;
		};
/* End PBXSourcesBuildPhase section */

/* Begin PBXVariantGroup section */
		0129373E205BA5BA00480A0A /* LaunchScreen.storyboard */ = {
			isa = PBXVariantGroup;
			children = (
				0129373F205BA5BA00480A0A /* Base */,
			);
			name = LaunchScreen.storyboard;
			sourceTree = "<group>";
		};
/* End PBXVariantGroup section */

/* Begin XCBuildConfiguration section */
		01293742205BA5BA00480A0A /* Debug */ = {
			isa = XCBuildConfiguration;
			buildSettings = {
				ALWAYS_SEARCH_USER_PATHS = NO;
				CLANG_ANALYZER_NONNULL = YES;
				CLANG_ANALYZER_NUMBER_OBJECT_CONVERSION = YES_AGGRESSIVE;
				CLANG_CXX_LANGUAGE_STANDARD = "gnu++0x";
				CLANG_CXX_LIBRARY = "libc++";
				CLANG_ENABLE_MODULES = YES;
				CLANG_ENABLE_OBJC_ARC = YES;
				CLANG_WARN_BOOL_CONVERSION = YES;
				CLANG_WARN_CONSTANT_CONVERSION = YES;
				CLANG_WARN_DIRECT_OBJC_ISA_USAGE = YES_ERROR;
				CLANG_WARN_DOCUMENTATION_COMMENTS = YES;
				CLANG_WARN_EMPTY_BODY = YES;
				CLANG_WARN_ENUM_CONVERSION = YES;
				CLANG_WARN_INFINITE_RECURSION = YES;
				CLANG_WARN_INT_CONVERSION = YES;
				CLANG_WARN_OBJC_ROOT_CLASS = YES_ERROR;
				CLANG_WARN_SUSPICIOUS_MOVE = YES;
				CLANG_WARN_UNREACHABLE_CODE = YES;
				CLANG_WARN__DUPLICATE_METHOD_MATCH = YES;
				"CODE_SIGN_IDENTITY[sdk=iphoneos*]" = "iPhone Developer";
				COPY_PHASE_STRIP = NO;
				DEBUG_INFORMATION_FORMAT = dwarf;
				ENABLE_STRICT_OBJC_MSGSEND = YES;
				ENABLE_TESTABILITY = YES;
				GCC_C_LANGUAGE_STANDARD = gnu99;
				GCC_DYNAMIC_NO_PIC = NO;
				GCC_NO_COMMON_BLOCKS = YES;
				GCC_OPTIMIZATION_LEVEL = 0;
				GCC_PREPROCESSOR_DEFINITIONS = (
					"DEBUG=1",
					"$(inherited)",
				);
				GCC_WARN_64_TO_32_BIT_CONVERSION = YES;
				GCC_WARN_ABOUT_RETURN_TYPE = YES_ERROR;
				GCC_WARN_UNDECLARED_SELECTOR = YES;
				GCC_WARN_UNINITIALIZED_AUTOS = YES_AGGRESSIVE;
				GCC_WARN_UNUSED_FUNCTION = YES;
				GCC_WARN_UNUSED_VARIABLE = YES;
				IPHONEOS_DEPLOYMENT_TARGET = 10.3;
				MTL_ENABLE_DEBUG_INFO = YES;
				ONLY_ACTIVE_ARCH = YES;
				SDKROOT = iphoneos;
			};
			name = Debug;
		};
		01293743205BA5BA00480A0A /* Release */ = {
			isa = XCBuildConfiguration;
			buildSettings = {
				ALWAYS_SEARCH_USER_PATHS = NO;
				CLANG_ANALYZER_NONNULL = YES;
				CLANG_ANALYZER_NUMBER_OBJECT_CONVERSION = YES_AGGRESSIVE;
				CLANG_CXX_LANGUAGE_STANDARD = "gnu++0x";
				CLANG_CXX_LIBRARY = "libc++";
				CLANG_ENABLE_MODULES = YES;
				CLANG_ENABLE_OBJC_ARC = YES;
				CLANG_WARN_BOOL_CONVERSION = YES;
				CLANG_WARN_CONSTANT_CONVERSION = YES;
				CLANG_WARN_DIRECT_OBJC_ISA_USAGE = YES_ERROR;
				CLANG_WARN_DOCUMENTATION_COMMENTS = YES;
				CLANG_WARN_EMPTY_BODY = YES;
				CLANG_WARN_ENUM_CONVERSION = YES;
				CLANG_WARN_INFINITE_RECURSION = YES;
				CLANG_WARN_INT_CONVERSION = YES;
				CLANG_WARN_OBJC_ROOT_CLASS = YES_ERROR;
				CLANG_WARN_SUSPICIOUS_MOVE = YES;
				CLANG_WARN_UNREACHABLE_CODE = YES;
				CLANG_WARN__DUPLICATE_METHOD_MATCH = YES;
				"CODE_SIGN_IDENTITY[sdk=iphoneos*]" = "iPhone Developer";
				COPY_PHASE_STRIP = NO;
				DEBUG_INFORMATION_FORMAT = "dwarf-with-dsym";
				ENABLE_NS_ASSERTIONS = NO;
				ENABLE_STRICT_OBJC_MSGSEND = YES;
				GCC_C_LANGUAGE_STANDARD = gnu99;
				GCC_NO_COMMON_BLOCKS = YES;
				GCC_WARN_64_TO_32_BIT_CONVERSION = YES;
				GCC_WARN_ABOUT_RETURN_TYPE = YES_ERROR;
				GCC_WARN_UNDECLARED_SELECTOR = YES;
				GCC_WARN_UNINITIALIZED_AUTOS = YES_AGGRESSIVE;
				GCC_WARN_UNUSED_FUNCTION = YES;
				GCC_WARN_UNUSED_VARIABLE = YES;
				IPHONEOS_DEPLOYMENT_TARGET = 10.3;
				MTL_ENABLE_DEBUG_INFO = NO;
				SDKROOT = iphoneos;
				VALIDATE_PRODUCT = YES;
			};
			name = Release;
		};
		01293745205BA5BA00480A0A /* Debug */ = {
			isa = XCBuildConfiguration;
			buildSettings = {
				ASSETCATALOG_COMPILER_APPICON_NAME = AppIcon;
				CODE_SIGN_IDENTITY = "iPhone Developer: zeliang wu (QQWB588VD7)";
				DEVELOPMENT_TEAM = AU89V8BQBK;
				INFOPLIST_FILE = HotFix/Info.plist;
				IPHONEOS_DEPLOYMENT_TARGET = 9.1;
				LD_RUNPATH_SEARCH_PATHS = "$(inherited) @executable_path/Frameworks";
				PRODUCT_BUNDLE_IDENTIFIER = com.denachina.HotFix;
				PRODUCT_NAME = "$(TARGET_NAME)";
				PROVISIONING_PROFILE = "afe84ca2-2f05-43af-bdc8-5b67cb5c57b7";
				PROVISIONING_PROFILE_SPECIFIER = zeroccWildcardDev;
			};
			name = Debug;
		};
		01293746205BA5BA00480A0A /* Release */ = {
			isa = XCBuildConfiguration;
			buildSettings = {
				ASSETCATALOG_COMPILER_APPICON_NAME = AppIcon;
				CODE_SIGN_IDENTITY = "iPhone Developer: zeliang wu (QQWB588VD7)";
				DEVELOPMENT_TEAM = AU89V8BQBK;
				INFOPLIST_FILE = HotFix/Info.plist;
				IPHONEOS_DEPLOYMENT_TARGET = 9.1;
				LD_RUNPATH_SEARCH_PATHS = "$(inherited) @executable_path/Frameworks";
				PRODUCT_BUNDLE_IDENTIFIER = com.denachina.HotFix;
				PRODUCT_NAME = "$(TARGET_NAME)";
				PROVISIONING_PROFILE = "afe84ca2-2f05-43af-bdc8-5b67cb5c57b7";
				PROVISIONING_PROFILE_SPECIFIER = zeroccWildcardDev;
			};
			name = Release;
		};
/* End XCBuildConfiguration section */

/* Begin XCConfigurationList section */
		01293728205BA5BA00480A0A /* Build configuration list for PBXProject "HotFix" */ = {
			isa = XCConfigurationList;
			buildConfigurations = (
				01293742205BA5BA00480A0A /* Debug */,
				01293743205BA5BA00480A0A /* Release */,
			);
			defaultConfigurationIsVisible = 0;
			defaultConfigurationName = Release;
		};
		01293744205BA5BA00480A0A /* Build configuration list for PBXNativeTarget "HotFix" */ = {
			isa = XCConfigurationList;
			buildConfigurations = (
				01293745205BA5BA00480A0A /* Debug */,
				01293746205BA5BA00480A0A /* Release */,
			);
			defaultConfigurationIsVisible = 0;
			defaultConfigurationName = Release;
		};
/* End XCConfigurationList section */
	};
	rootObject = 01293725205BA5BA00480A0A /* Project object */;
}
